
Microsoft Visual Studio Solution File, Format Version 12.00
# Visual Studio Version 16
VisualStudioVersion = 16.0.29123.89
MinimumVisualStudioVersion = 10.0.40219.1
Project("{9A19103F-16F7-4668-BE54-9A1E7A4F7556}") = "HogwartsCSB", "WebApplication12\HogwartsCSB.csproj", "{F707DB05-FE3F-4C5A-90E1-98F7D63CEAAA}"
EndProject
Project("{2150E333-8FDC-42A3-9474-1A3956D46DE8}") = "Solution Items", "Solution Items", "{DA6F4430-2F95-4EDD-9ECB-F6A733A398F2}"
	ProjectSection(SolutionItems) = preProject
		README.md = README.md
	EndProjectSection
EndProject
Global
	GlobalSection(SolutionConfigurationPlatforms) = preSolution
		Debug|Any CPU = Debug|Any CPU
		Release|Any CPU = Release|Any CPU
	EndGlobalSection
	GlobalSection(ProjectConfigurationPlatforms) = postSolution
		{F707DB05-FE3F-4C5A-90E1-98F7D63CEAAA}.Debug|Any CPU.ActiveCfg = Debug|Any CPU
		{F707DB05-FE3F-4C5A-90E1-98F7D63CEAAA}.Debug|Any CPU.Build.0 = Debug|Any CPU
		{F707DB05-FE3F-4C5A-90E1-98F7D63CEAAA}.Release|Any CPU.ActiveCfg = Release|Any CPU
		{F707DB05-FE3F-4C5A-90E1-98F7D63CEAAA}.Release|Any CPU.Build.0 = Release|Any CPU
	EndGlobalSection
	GlobalSection(SolutionProperties) = preSolution
		HideSolutionNode = FALSE
	EndGlobalSection
	GlobalSection(ExtensibilityGlobals) = postSolution
		SolutionGuid = {FBD1F656-BA21-4F0A-B546-28DB173E220D}
	EndGlobalSection
EndGlobal
